// !$*UTF8*$!
{
	archiveVersion = 1;
	classes = {
	};
	objectVersion = 50;
	objects = {

/* Begin PBXBuildFile section */
		6F804FA526374B3A00B38B6F /* AppDelegate.swift in Sources */ = {isa = PBXBuildFile; fileRef = 6F804FA426374B3A00B38B6F /* AppDelegate.swift */; };
		6F804FA926374B3A00B38B6F /* ViewController.swift in Sources */ = {isa = PBXBuildFile; fileRef = 6F804FA826374B3A00B38B6F /* ViewController.swift */; };
		6F804FAC26374B3A00B38B6F /* Main.storyboard in Resources */ = {isa = PBXBuildFile; fileRef = 6F804FAA26374B3A00B38B6F /* Main.storyboard */; };
		6F804FB126374B3C00B38B6F /* Assets.xcassets in Resources */ = {isa = PBXBuildFile; fileRef = 6F804FB026374B3C00B38B6F /* Assets.xcassets */; };
		6F804FB426374B3C00B38B6F /* LaunchScreen.storyboard in Resources */ = {isa = PBXBuildFile; fileRef = 6F804FB226374B3C00B38B6F /* LaunchScreen.storyboard */; };
		6F804FBF26374B3D00B38B6F /* NQAL_ClientTests.swift in Sources */ = {isa = PBXBuildFile; fileRef = 6F804FBE26374B3D00B38B6F /* NQAL_ClientTests.swift */; };
		6F804FCA26374B3D00B38B6F /* NQAL_ClientUITests.swift in Sources */ = {isa = PBXBuildFile; fileRef = 6F804FC926374B3D00B38B6F /* NQAL_ClientUITests.swift */; };
/* End PBXBuildFile section */

/* Begin PBXContainerItemProxy section */
		6F804FBB26374B3D00B38B6F /* PBXContainerItemProxy */ = {
			isa = PBXContainerItemProxy;
			containerPortal = 6F804F9926374B3A00B38B6F /* Project object */;
			proxyType = 1;
			remoteGlobalIDString = 6F804FA026374B3A00B38B6F;
			remoteInfo = "NQAL Client";
		};
		6F804FC626374B3D00B38B6F /* PBXContainerItemProxy */ = {
			isa = PBXContainerItemProxy;
			containerPortal = 6F804F9926374B3A00B38B6F /* Project object */;
			proxyType = 1;
			remoteGlobalIDString = 6F804FA026374B3A00B38B6F;
			remoteInfo = "NQAL Client";
		};
/* End PBXContainerItemProxy section */

/* Begin PBXFileReference section */
		6F804FA126374B3A00B38B6F /* NQAL Client.app */ = {isa = PBXFileReference; explicitFileType = wrapper.application; includeInIndex = 0; path = "NQAL Client.app"; sourceTree = BUILT_PRODUCTS_DIR; };
		6F804FA426374B3A00B38B6F /* AppDelegate.swift */ = {isa = PBXFileReference; lastKnownFileType = sourcecode.swift; path = AppDelegate.swift; sourceTree = "<group>"; };
		6F804FA826374B3A00B38B6F /* ViewController.swift */ = {isa = PBXFileReference; lastKnownFileType = sourcecode.swift; path = ViewController.swift; sourceTree = "<group>"; };
		6F804FAB26374B3A00B38B6F /* Base */ = {isa = PBXFileReference; lastKnownFileType = file.storyboard; name = Base; path = Base.lproj/Main.storyboard; sourceTree = "<group>"; };
		6F804FB026374B3C00B38B6F /* Assets.xcassets */ = {isa = PBXFileReference; lastKnownFileType = folder.assetcatalog; path = Assets.xcassets; sourceTree = "<group>"; };
		6F804FB326374B3C00B38B6F /* Base */ = {isa = PBXFileReference; lastKnownFileType = file.storyboard; name = Base; path = Base.lproj/LaunchScreen.storyboard; sourceTree = "<group>"; };
		6F804FB526374B3C00B38B6F /* Info.plist */ = {isa = PBXFileReference; lastKnownFileType = text.plist.xml; path = Info.plist; sourceTree = "<group>"; };
		6F804FBA26374B3D00B38B6F /* NQAL ClientTests.xctest */ = {isa = PBXFileReference; explicitFileType = wrapper.cfbundle; includeInIndex = 0; path = "NQAL ClientTests.xctest"; sourceTree = BUILT_PRODUCTS_DIR; };
		6F804FBE26374B3D00B38B6F /* NQAL_ClientTests.swift */ = {isa = PBXFileReference; lastKnownFileType = sourcecode.swift; path = NQAL_ClientTests.swift; sourceTree = "<group>"; };
		6F804FC026374B3D00B38B6F /* Info.plist */ = {isa = PBXFileReference; lastKnownFileType = text.plist.xml; path = Info.plist; sourceTree = "<group>"; };
		6F804FC526374B3D00B38B6F /* NQAL ClientUITests.xctest */ = {isa = PBXFileReference; explicitFileType = wrapper.cfbundle; includeInIndex = 0; path = "NQAL ClientUITests.xctest"; sourceTree = BUILT_PRODUCTS_DIR; };
		6F804FC926374B3D00B38B6F /* NQAL_ClientUITests.swift */ = {isa = PBXFileReference; lastKnownFileType = sourcecode.swift; path = NQAL_ClientUITests.swift; sourceTree = "<group>"; };
		6F804FCB26374B3D00B38B6F /* Info.plist */ = {isa = PBXFileReference; lastKnownFileType = text.plist.xml; path = Info.plist; sourceTree = "<group>"; };
/* End PBXFileReference section */

/* Begin PBXFrameworksBuildPhase section */
		6F804F9E26374B3A00B38B6F /* Frameworks */ = {
			isa = PBXFrameworksBuildPhase;
			buildActionMask = 2147483647;
			files = (
			);
			runOnlyForDeploymentPostprocessing = 0;
		};
		6F804FB726374B3D00B38B6F /* Frameworks */ = {
			isa = PBXFrameworksBuildPhase;
			buildActionMask = 2147483647;
			files = (
			);
			runOnlyForDeploymentPostprocessing = 0;
		};
		6F804FC226374B3D00B38B6F /* Frameworks */ = {
			isa = PBXFrameworksBuildPhase;
			buildActionMask = 2147483647;
			files = (
			);
			runOnlyForDeploymentPostprocessing = 0;
		};
/* End PBXFrameworksBuildPhase section */

/* Begin PBXGroup section */
		6F804F9826374B3A00B38B6F = {
			isa = PBXGroup;
			children = (
				6F804FA326374B3A00B38B6F /* NQAL Client */,
				6F804FBD26374B3D00B38B6F /* NQAL ClientTests */,
				6F804FC826374B3D00B38B6F /* NQAL ClientUITests */,
				6F804FA226374B3A00B38B6F /* Products */,
			);
			sourceTree = "<group>";
		};
		6F804FA226374B3A00B38B6F /* Products */ = {
			isa = PBXGroup;
			children = (
				6F804FA126374B3A00B38B6F /* NQAL Client.app */,
				6F804FBA26374B3D00B38B6F /* NQAL ClientTests.xctest */,
				6F804FC526374B3D00B38B6F /* NQAL ClientUITests.xctest */,
			);
			name = Products;
			sourceTree = "<group>";
		};
		6F804FA326374B3A00B38B6F /* NQAL Client */ = {
			isa = PBXGroup;
			children = (
				6F804FE326374CBE00B38B6F /* App Configuration */,
				6F804FE226374CA200B38B6F /* Controller */,
				6F804FE126374C9E00B38B6F /* View */,
				6F804FE026374C9600B38B6F /* Model */,
			);
			path = "NQAL Client";
			sourceTree = "<group>";
		};
		6F804FBD26374B3D00B38B6F /* NQAL ClientTests */ = {
			isa = PBXGroup;
			children = (
				6F804FBE26374B3D00B38B6F /* NQAL_ClientTests.swift */,
				6F804FC026374B3D00B38B6F /* Info.plist */,
			);
			path = "NQAL ClientTests";
			sourceTree = "<group>";
		};
		6F804FC826374B3D00B38B6F /* NQAL ClientUITests */ = {
			isa = PBXGroup;
			children = (
				6F804FC926374B3D00B38B6F /* NQAL_ClientUITests.swift */,
				6F804FCB26374B3D00B38B6F /* Info.plist */,
			);
			path = "NQAL ClientUITests";
			sourceTree = "<group>";
		};
		6F804FE026374C9600B38B6F /* Model */ = {
			isa = PBXGroup;
			children = (
			);
			path = Model;
			sourceTree = "<group>";
		};
		6F804FE126374C9E00B38B6F /* View */ = {
			isa = PBXGroup;
			children = (
				6F804FAA26374B3A00B38B6F /* Main.storyboard */,
				6F804FB226374B3C00B38B6F /* LaunchScreen.storyboard */,
			);
			path = View;
			sourceTree = "<group>";
		};
		6F804FE226374CA200B38B6F /* Controller */ = {
			isa = PBXGroup;
			children = (
				6F804FA826374B3A00B38B6F /* ViewController.swift */,
			);
			path = Controller;
			sourceTree = "<group>";
		};
		6F804FE326374CBE00B38B6F /* App Configuration */ = {
			isa = PBXGroup;
			children = (
				6F804FE426374CEC00B38B6F /* App Delegates */,
				6F804FB026374B3C00B38B6F /* Assets.xcassets */,
				6F804FB526374B3C00B38B6F /* Info.plist */,
			);
			path = "App Configuration";
			sourceTree = "<group>";
		};
		6F804FE426374CEC00B38B6F /* App Delegates */ = {
			isa = PBXGroup;
			children = (
				6F804FA426374B3A00B38B6F /* AppDelegate.swift */,
			);
			path = "App Delegates";
			sourceTree = "<group>";
		};
/* End PBXGroup section */

/* Begin PBXNativeTarget section */
		6F804FA026374B3A00B38B6F /* NQAL Client */ = {
			isa = PBXNativeTarget;
			buildConfigurationList = 6F804FCE26374B3D00B38B6F /* Build configuration list for PBXNativeTarget "NQAL Client" */;
			buildPhases = (
				6F804F9D26374B3A00B38B6F /* Sources */,
				6F804F9E26374B3A00B38B6F /* Frameworks */,
				6F804F9F26374B3A00B38B6F /* Resources */,
			);
			buildRules = (
			);
			dependencies = (
			);
			name = "NQAL Client";
			productName = "NQAL Client";
			productReference = 6F804FA126374B3A00B38B6F /* NQAL Client.app */;
			productType = "com.apple.product-type.application";
		};
		6F804FB926374B3D00B38B6F /* NQAL ClientTests */ = {
			isa = PBXNativeTarget;
			buildConfigurationList = 6F804FD126374B3D00B38B6F /* Build configuration list for PBXNativeTarget "NQAL ClientTests" */;
			buildPhases = (
				6F804FB626374B3D00B38B6F /* Sources */,
				6F804FB726374B3D00B38B6F /* Frameworks */,
				6F804FB826374B3D00B38B6F /* Resources */,
			);
			buildRules = (
			);
			dependencies = (
				6F804FBC26374B3D00B38B6F /* PBXTargetDependency */,
			);
			name = "NQAL ClientTests";
			productName = "NQAL ClientTests";
			productReference = 6F804FBA26374B3D00B38B6F /* NQAL ClientTests.xctest */;
			productType = "com.apple.product-type.bundle.unit-test";
		};
		6F804FC426374B3D00B38B6F /* NQAL ClientUITests */ = {
			isa = PBXNativeTarget;
			buildConfigurationList = 6F804FD426374B3D00B38B6F /* Build configuration list for PBXNativeTarget "NQAL ClientUITests" */;
			buildPhases = (
				6F804FC126374B3D00B38B6F /* Sources */,
				6F804FC226374B3D00B38B6F /* Frameworks */,
				6F804FC326374B3D00B38B6F /* Resources */,
			);
			buildRules = (
			);
			dependencies = (
				6F804FC726374B3D00B38B6F /* PBXTargetDependency */,
			);
			name = "NQAL ClientUITests";
			productName = "NQAL ClientUITests";
			productReference = 6F804FC526374B3D00B38B6F /* NQAL ClientUITests.xctest */;
			productType = "com.apple.product-type.bundle.ui-testing";
		};
/* End PBXNativeTarget section */

/* Begin PBXProject section */
		6F804F9926374B3A00B38B6F /* Project object */ = {
			isa = PBXProject;
			attributes = {
				LastSwiftUpdateCheck = 1240;
				LastUpgradeCheck = 1240;
				TargetAttributes = {
					6F804FA026374B3A00B38B6F = {
						CreatedOnToolsVersion = 12.4;
					};
					6F804FB926374B3D00B38B6F = {
						CreatedOnToolsVersion = 12.4;
						TestTargetID = 6F804FA026374B3A00B38B6F;
					};
					6F804FC426374B3D00B38B6F = {
						CreatedOnToolsVersion = 12.4;
						TestTargetID = 6F804FA026374B3A00B38B6F;
					};
				};
			};
			buildConfigurationList = 6F804F9C26374B3A00B38B6F /* Build configuration list for PBXProject "NQAL Client" */;
			compatibilityVersion = "Xcode 9.3";
			developmentRegion = en;
			hasScannedForEncodings = 0;
			knownRegions = (
				en,
				Base,
			);
			mainGroup = 6F804F9826374B3A00B38B6F;
			productRefGroup = 6F804FA226374B3A00B38B6F /* Products */;
			projectDirPath = "";
			projectRoot = "";
			targets = (
				6F804FA026374B3A00B38B6F /* NQAL Client */,
				6F804FB926374B3D00B38B6F /* NQAL ClientTests */,
				6F804FC426374B3D00B38B6F /* NQAL ClientUITests */,
			);
		};
/* End PBXProject section */

/* Begin PBXResourcesBuildPhase section */
		6F804F9F26374B3A00B38B6F /* Resources */ = {
			isa = PBXResourcesBuildPhase;
			buildActionMask = 2147483647;
			files = (
				6F804FB426374B3C00B38B6F /* LaunchScreen.storyboard in Resources */,
				6F804FB126374B3C00B38B6F /* Assets.xcassets in Resources */,
				6F804FAC26374B3A00B38B6F /* Main.storyboard in Resources */,
			);
			runOnlyForDeploymentPostprocessing = 0;
		};
		6F804FB826374B3D00B38B6F /* Resources */ = {
			isa = PBXResourcesBuildPhase;
			buildActionMask = 2147483647;
			files = (
			);
			runOnlyForDeploymentPostprocessing = 0;
		};
		6F804FC326374B3D00B38B6F /* Resources */ = {
			isa = PBXResourcesBuildPhase;
			buildActionMask = 2147483647;
			files = (
			);
			runOnlyForDeploymentPostprocessing = 0;
		};
/* End PBXResourcesBuildPhase section */

/* Begin PBXSourcesBuildPhase section */
		6F804F9D26374B3A00B38B6F /* Sources */ = {
			isa = PBXSourcesBuildPhase;
			buildActionMask = 2147483647;
			files = (
				6F804FA926374B3A00B38B6F /* ViewController.swift in Sources */,
				6F804FA526374B3A00B38B6F /* AppDelegate.swift in Sources */,
			);
			runOnlyForDeploymentPostprocessing = 0;
		};
		6F804FB626374B3D00B38B6F /* Sources */ = {
			isa = PBXSourcesBuildPhase;
			buildActionMask = 2147483647;
			files = (
				6F804FBF26374B3D00B38B6F /* NQAL_ClientTests.swift in Sources */,
			);
			runOnlyForDeploymentPostprocessing = 0;
		};
		6F804FC126374B3D00B38B6F /* Sources */ = {
			isa = PBXSourcesBuildPhase;
			buildActionMask = 2147483647;
			files = (
				6F804FCA26374B3D00B38B6F /* NQAL_ClientUITests.swift in Sources */,
			);
			runOnlyForDeploymentPostprocessing = 0;
		};
/* End PBXSourcesBuildPhase section */

/* Begin PBXTargetDependency section */
		6F804FBC26374B3D00B38B6F /* PBXTargetDependency */ = {
			isa = PBXTargetDependency;
			target = 6F804FA026374B3A00B38B6F /* NQAL Client */;
			targetProxy = 6F804FBB26374B3D00B38B6F /* PBXContainerItemProxy */;
		};
		6F804FC726374B3D00B38B6F /* PBXTargetDependency */ = {
			isa = PBXTargetDependency;
			target = 6F804FA026374B3A00B38B6F /* NQAL Client */;
			targetProxy = 6F804FC626374B3D00B38B6F /* PBXContainerItemProxy */;
		};
/* End PBXTargetDependency section */

/* Begin PBXVariantGroup section */
		6F804FAA26374B3A00B38B6F /* Main.storyboard */ = {
			isa = PBXVariantGroup;
			children = (
				6F804FAB26374B3A00B38B6F /* Base */,
			);
			name = Main.storyboard;
			sourceTree = "<group>";
		};
		6F804FB226374B3C00B38B6F /* LaunchScreen.storyboard */ = {
			isa = PBXVariantGroup;
			children = (
				6F804FB326374B3C00B38B6F /* Base */,
			);
			name = LaunchScreen.storyboard;
			sourceTree = "<group>";
		};
/* End PBXVariantGroup section */

/* Begin XCBuildConfiguration section */
		6F804FCC26374B3D00B38B6F /* Debug */ = {
			isa = XCBuildConfiguration;
			buildSettings = {
				ALWAYS_SEARCH_USER_PATHS = NO;
				CLANG_ANALYZER_NONNULL = YES;
				CLANG_ANALYZER_NUMBER_OBJECT_CONVERSION = YES_AGGRESSIVE;
				CLANG_CXX_LANGUAGE_STANDARD = "gnu++14";
				CLANG_CXX_LIBRARY = "libc++";
				CLANG_ENABLE_MODULES = YES;
				CLANG_ENABLE_OBJC_ARC = YES;
				CLANG_ENABLE_OBJC_WEAK = YES;
				CLANG_WARN_BLOCK_CAPTURE_AUTORELEASING = YES;
				CLANG_WARN_BOOL_CONVERSION = YES;
				CLANG_WARN_COMMA = YES;
				CLANG_WARN_CONSTANT_CONVERSION = YES;
				CLANG_WARN_DEPRECATED_OBJC_IMPLEMENTATIONS = YES;
				CLANG_WARN_DIRECT_OBJC_ISA_USAGE = YES_ERROR;
				CLANG_WARN_DOCUMENTATION_COMMENTS = YES;
				CLANG_WARN_EMPTY_BODY = YES;
				CLANG_WARN_ENUM_CONVERSION = YES;
				CLANG_WARN_INFINITE_RECURSION = YES;
				CLANG_WARN_INT_CONVERSION = YES;
				CLANG_WARN_NON_LITERAL_NULL_CONVERSION = YES;
				CLANG_WARN_OBJC_IMPLICIT_RETAIN_SELF = YES;
				CLANG_WARN_OBJC_LITERAL_CONVERSION = YES;
				CLANG_WARN_OBJC_ROOT_CLASS = YES_ERROR;
				CLANG_WARN_QUOTED_INCLUDE_IN_FRAMEWORK_HEADER = YES;
				CLANG_WARN_RANGE_LOOP_ANALYSIS = YES;
				CLANG_WARN_STRICT_PROTOTYPES = YES;
				CLANG_WARN_SUSPICIOUS_MOVE = YES;
				CLANG_WARN_UNGUARDED_AVAILABILITY = YES_AGGRESSIVE;
				CLANG_WARN_UNREACHABLE_CODE = YES;
				CLANG_WARN__DUPLICATE_METHOD_MATCH = YES;
				COPY_PHASE_STRIP = NO;
				DEBUG_INFORMATION_FORMAT = dwarf;
				ENABLE_STRICT_OBJC_MSGSEND = YES;
				ENABLE_TESTABILITY = YES;
				GCC_C_LANGUAGE_STANDARD = gnu11;
				GCC_DYNAMIC_NO_PIC = NO;
				GCC_NO_COMMON_BLOCKS = YES;
				GCC_OPTIMIZATION_LEVEL = 0;
				GCC_PREPROCESSOR_DEFINITIONS = (
					"DEBUG=1",
					"$(inherited)",
				);
				GCC_WARN_64_TO_32_BIT_CONVERSION = YES;
				GCC_WARN_ABOUT_RETURN_TYPE = YES_ERROR;
				GCC_WARN_UNDECLARED_SELECTOR = YES;
				GCC_WARN_UNINITIALIZED_AUTOS = YES_AGGRESSIVE;
				GCC_WARN_UNUSED_FUNCTION = YES;
				GCC_WARN_UNUSED_VARIABLE = YES;
				IPHONEOS_DEPLOYMENT_TARGET = 14.4;
				MTL_ENABLE_DEBUG_INFO = INCLUDE_SOURCE;
				MTL_FAST_MATH = YES;
				ONLY_ACTIVE_ARCH = YES;
				SDKROOT = iphoneos;
				SWIFT_ACTIVE_COMPILATION_CONDITIONS = DEBUG;
				SWIFT_OPTIMIZATION_LEVEL = "-Onone";
			};
			name = Debug;
		};
		6F804FCD26374B3D00B38B6F /* Release */ = {
			isa = XCBuildConfiguration;
			buildSettings = {
				ALWAYS_SEARCH_USER_PATHS = NO;
				CLANG_ANALYZER_NONNULL = YES;
				CLANG_ANALYZER_NUMBER_OBJECT_CONVERSION = YES_AGGRESSIVE;
				CLANG_CXX_LANGUAGE_STANDARD = "gnu++14";
				CLANG_CXX_LIBRARY = "libc++";
				CLANG_ENABLE_MODULES = YES;
				CLANG_ENABLE_OBJC_ARC = YES;
				CLANG_ENABLE_OBJC_WEAK = YES;
				CLANG_WARN_BLOCK_CAPTURE_AUTORELEASING = YES;
				CLANG_WARN_BOOL_CONVERSION = YES;
				CLANG_WARN_COMMA = YES;
				CLANG_WARN_CONSTANT_CONVERSION = YES;
				CLANG_WARN_DEPRECATED_OBJC_IMPLEMENTATIONS = YES;
				CLANG_WARN_DIRECT_OBJC_ISA_USAGE = YES_ERROR;
				CLANG_WARN_DOCUMENTATION_COMMENTS = YES;
				CLANG_WARN_EMPTY_BODY = YES;
				CLANG_WARN_ENUM_CONVERSION = YES;
				CLANG_WARN_INFINITE_RECURSION = YES;
				CLANG_WARN_INT_CONVERSION = YES;
				CLANG_WARN_NON_LITERAL_NULL_CONVERSION = YES;
				CLANG_WARN_OBJC_IMPLICIT_RETAIN_SELF = YES;
				CLANG_WARN_OBJC_LITERAL_CONVERSION = YES;
				CLANG_WARN_OBJC_ROOT_CLASS = YES_ERROR;
				CLANG_WARN_QUOTED_INCLUDE_IN_FRAMEWORK_HEADER = YES;
				CLANG_WARN_RANGE_LOOP_ANALYSIS = YES;
				CLANG_WARN_STRICT_PROTOTYPES = YES;
				CLANG_WARN_SUSPICIOUS_MOVE = YES;
				CLANG_WARN_UNGUARDED_AVAILABILITY = YES_AGGRESSIVE;
				CLANG_WARN_UNREACHABLE_CODE = YES;
				CLANG_WARN__DUPLICATE_METHOD_MATCH = YES;
				COPY_PHASE_STRIP = NO;
				DEBUG_INFORMATION_FORMAT = "dwarf-with-dsym";
				ENABLE_NS_ASSERTIONS = NO;
				ENABLE_STRICT_OBJC_MSGSEND = YES;
				GCC_C_LANGUAGE_STANDARD = gnu11;
				GCC_NO_COMMON_BLOCKS = YES;
				GCC_WARN_64_TO_32_BIT_CONVERSION = YES;
				GCC_WARN_ABOUT_RETURN_TYPE = YES_ERROR;
				GCC_WARN_UNDECLARED_SELECTOR = YES;
				GCC_WARN_UNINITIALIZED_AUTOS = YES_AGGRESSIVE;
				GCC_WARN_UNUSED_FUNCTION = YES;
				GCC_WARN_UNUSED_VARIABLE = YES;
				IPHONEOS_DEPLOYMENT_TARGET = 14.4;
				MTL_ENABLE_DEBUG_INFO = NO;
				MTL_FAST_MATH = YES;
				SDKROOT = iphoneos;
				SWIFT_COMPILATION_MODE = wholemodule;
				SWIFT_OPTIMIZATION_LEVEL = "-O";
				VALIDATE_PRODUCT = YES;
			};
			name = Release;
		};
		6F804FCF26374B3D00B38B6F /* Debug */ = {
			isa = XCBuildConfiguration;
			buildSettings = {
				ASSETCATALOG_COMPILER_APPICON_NAME = AppIcon;
				ASSETCATALOG_COMPILER_GLOBAL_ACCENT_COLOR_NAME = AccentColor;
				CODE_SIGN_STYLE = Automatic;
				CURRENT_PROJECT_VERSION = 0;
				DEVELOPMENT_TEAM = 8ZLCNTLX2Q;
				INFOPLIST_FILE = "NQAL Client/App Configuration/Info.plist";
				IPHONEOS_DEPLOYMENT_TARGET = 13.0;
				LD_RUNPATH_SEARCH_PATHS = (
					"$(inherited)",
					"@executable_path/Frameworks",
				);
				MARKETING_VERSION = 0.0.1;
				PRODUCT_BUNDLE_IDENTIFIER = "secondsest-gmail.com.NQAL-Client";
				PRODUCT_NAME = "$(TARGET_NAME)";
				SWIFT_VERSION = 5.0;
				TARGETED_DEVICE_FAMILY = "1,2";
			};
			name = Debug;
		};
		6F804FD026374B3D00B38B6F /* Release */ = {
			isa = XCBuildConfiguration;
			buildSettings = {
				ASSETCATALOG_COMPILER_APPICON_NAME = AppIcon;
				ASSETCATALOG_COMPILER_GLOBAL_ACCENT_COLOR_NAME = AccentColor;
				CODE_SIGN_STYLE = Automatic;
				CURRENT_PROJECT_VERSION = 0;
				DEVELOPMENT_TEAM = 8ZLCNTLX2Q;
				INFOPLIST_FILE = "NQAL Client/App Configuration/Info.plist";
				IPHONEOS_DEPLOYMENT_TARGET = 13.0;
				LD_RUNPATH_SEARCH_PATHS = (
					"$(inherited)",
					"@executable_path/Frameworks",
				);
				MARKETING_VERSION = 0.0.1;
				PRODUCT_BUNDLE_IDENTIFIER = "secondsest-gmail.com.NQAL-Client";
				PRODUCT_NAME = "$(TARGET_NAME)";
				SWIFT_VERSION = 5.0;
				TARGETED_DEVICE_FAMILY = "1,2";
			};
			name = Release;
		};
		6F804FD226374B3D00B38B6F /* Debug */ = {
			isa = XCBuildConfiguration;
			buildSettings = {
				ALWAYS_EMBED_SWIFT_STANDARD_LIBRARIES = YES;
				BUNDLE_LOADER = "$(TEST_HOST)";
				CODE_SIGN_STYLE = Automatic;
				DEVELOPMENT_TEAM = 8ZLCNTLX2Q;
				INFOPLIST_FILE = "NQAL ClientTests/Info.plist";
				IPHONEOS_DEPLOYMENT_TARGET = 14.4;
				LD_RUNPATH_SEARCH_PATHS = (
					"$(inherited)",
					"@executable_path/Frameworks",
					"@loader_path/Frameworks",
				);
				PRODUCT_BUNDLE_IDENTIFIER = "secondsest-gmail.com.NQAL-ClientTests";
				PRODUCT_NAME = "$(TARGET_NAME)";
				SWIFT_VERSION = 5.0;
				TARGETED_DEVICE_FAMILY = "1,2";
				TEST_HOST = "$(BUILT_PRODUCTS_DIR)/NQAL Client.app/NQAL Client";
			};
			name = Debug;
		};
		6F804FD326374B3D00B38B6F /* Release */ = {
			isa = XCBuildConfiguration;
			buildSettings = {
				ALWAYS_EMBED_SWIFT_STANDARD_LIBRARIES = YES;
				BUNDLE_LOADER = "$(TEST_HOST)";
				CODE_SIGN_STYLE = Automatic;
				DEVELOPMENT_TEAM = 8ZLCNTLX2Q;
				INFOPLIST_FILE = "NQAL ClientTests/Info.plist";
				IPHONEOS_DEPLOYMENT_TARGET = 14.4;
				LD_RUNPATH_SEARCH_PATHS = (
					"$(inherited)",
					"@executable_path/Frameworks",
					"@loader_path/Frameworks",
				);
				PRODUCT_BUNDLE_IDENTIFIER = "secondsest-gmail.com.NQAL-ClientTests";
				PRODUCT_NAME = "$(TARGET_NAME)";
				SWIFT_VERSION = 5.0;
				TARGETED_DEVICE_FAMILY = "1,2";
				TEST_HOST = "$(BUILT_PRODUCTS_DIR)/NQAL Client.app/NQAL Client";
			};
			name = Release;
		};
		6F804FD526374B3D00B38B6F /* Debug */ = {
			isa = XCBuildConfiguration;
			buildSettings = {
				ALWAYS_EMBED_SWIFT_STANDARD_LIBRARIES = YES;
				CODE_SIGN_STYLE = Automatic;
				DEVELOPMENT_TEAM = 8ZLCNTLX2Q;
				INFOPLIST_FILE = "NQAL ClientUITests/Info.plist";
				LD_RUNPATH_SEARCH_PATHS = (
					"$(inherited)",
					"@executable_path/Frameworks",
					"@loader_path/Frameworks",
				);
				PRODUCT_BUNDLE_IDENTIFIER = "secondsest-gmail.com.NQAL-ClientUITests";
				PRODUCT_NAME = "$(TARGET_NAME)";
				SWIFT_VERSION = 5.0;
				TARGETED_DEVICE_FAMILY = "1,2";
				TEST_TARGET_NAME = "NQAL Client";
			};
			name = Debug;
		};
		6F804FD626374B3D00B38B6F /* Release */ = {
			isa = XCBuildConfiguration;
			buildSettings = {
				ALWAYS_EMBED_SWIFT_STANDARD_LIBRARIES = YES;
				CODE_SIGN_STYLE = Automatic;
				DEVELOPMENT_TEAM = 8ZLCNTLX2Q;
				INFOPLIST_FILE = "NQAL ClientUITests/Info.plist";
				LD_RUNPATH_SEARCH_PATHS = (
					"$(inherited)",
					"@executable_path/Frameworks",
					"@loader_path/Frameworks",
				);
				PRODUCT_BUNDLE_IDENTIFIER = "secondsest-gmail.com.NQAL-ClientUITests";
				PRODUCT_NAME = "$(TARGET_NAME)";
				SWIFT_VERSION = 5.0;
				TARGETED_DEVICE_FAMILY = "1,2";
				TEST_TARGET_NAME = "NQAL Client";
			};
			name = Release;
		};
/* End XCBuildConfiguration section */

/* Begin XCConfigurationList section */
		6F804F9C26374B3A00B38B6F /* Build configuration list for PBXProject "NQAL Client" */ = {
			isa = XCConfigurationList;
			buildConfigurations = (
				6F804FCC26374B3D00B38B6F /* Debug */,
				6F804FCD26374B3D00B38B6F /* Release */,
			);
			defaultConfigurationIsVisible = 0;
			defaultConfigurationName = Release;
		};
		6F804FCE26374B3D00B38B6F /* Build configuration list for PBXNativeTarget "NQAL Client" */ = {
			isa = XCConfigurationList;
			buildConfigurations = (
				6F804FCF26374B3D00B38B6F /* Debug */,
				6F804FD026374B3D00B38B6F /* Release */,
			);
			defaultConfigurationIsVisible = 0;
			defaultConfigurationName = Release;
		};
		6F804FD126374B3D00B38B6F /* Build configuration list for PBXNativeTarget "NQAL ClientTests" */ = {
			isa = XCConfigurationList;
			buildConfigurations = (
				6F804FD226374B3D00B38B6F /* Debug */,
				6F804FD326374B3D00B38B6F /* Release */,
			);
			defaultConfigurationIsVisible = 0;
			defaultConfigurationName = Release;
		};
		6F804FD426374B3D00B38B6F /* Build configuration list for PBXNativeTarget "NQAL ClientUITests" */ = {
			isa = XCConfigurationList;
			buildConfigurations = (
				6F804FD526374B3D00B38B6F /* Debug */,
				6F804FD626374B3D00B38B6F /* Release */,
			);
			defaultConfigurationIsVisible = 0;
			defaultConfigurationName = Release;
		};
/* End XCConfigurationList section */
	};
	rootObject = 6F804F9926374B3A00B38B6F /* Project object */;
}
